
Microsoft Visual Studio Solution File, Format Version 12.00
# Visual Studio Version 16
VisualStudioVersion = 16.0.31424.327
MinimumVisualStudioVersion = 10.0.40219.1
Project("{2150E333-8FDC-42A3-9474-1A3956D46DE8}") = "FrontEnd", "FrontEnd", "{E46C28FD-FECF-40E3-B80F-F65D543C22EC}"
EndProject
Project("{9A19103F-16F7-4668-BE54-9A1E7A4F7556}") = "PetStore.Web", "PetStore.Web\PetStore.Web.csproj", "{103974BE-1864-4C77-B289-D4C0FA413EE9}"
EndProject
Project("{2150E333-8FDC-42A3-9474-1A3956D46DE8}") = "Services", "Services", "{E87BB0D1-A9CF-41BA-B10F-2F96806ED1A1}"
EndProject
Project("{9A19103F-16F7-4668-BE54-9A1E7A4F7556}") = "Pet.Services.ProductAPI", "Pet.Services.ProductAPI\Pet.Services.ProductAPI.csproj", "{2AE2A3A2-D964-4D8E-8B21-0D9645C95710}"
EndProject
Project("{9A19103F-16F7-4668-BE54-9A1E7A4F7556}") = "Pet.Services.Identity", "Pet.Services.Identity\Pet.Services.Identity.csproj", "{8CB713AB-5648-4B92-A37B-DD50CDB341E5}"
EndProject
Project("{9A19103F-16F7-4668-BE54-9A1E7A4F7556}") = "Pet.Services.ShoppingCartAPI", "Pet.Services.ShoppingCartAPI\Pet.Services.ShoppingCartAPI.csproj", "{8C71962A-4DB1-45DF-A3CF-79A0F1C65E06}"
EndProject
Project("{9A19103F-16F7-4668-BE54-9A1E7A4F7556}") = "Pet.Services.CouponAPI", "Pet.Services.CouponAPI\Pet.Services.CouponAPI.csproj", "{DB48E125-A7C4-4A37-BDE3-44AAE31B275C}"
EndProject
Project("{2150E333-8FDC-42A3-9474-1A3956D46DE8}") = "Integration", "Integration", "{BFB305E0-A4EC-41AF-B083-340F33613C29}"
EndProject
Project("{9A19103F-16F7-4668-BE54-9A1E7A4F7556}") = "Pet.MessageBus", "Pet.MessageBus\Pet.MessageBus.csproj", "{D6739441-9B3D-409F-9197-E51643DE2DEC}"
EndProject
Project("{9A19103F-16F7-4668-BE54-9A1E7A4F7556}") = "Pet.Services.OrderAPI", "Pet.Services.OrderPI\Pet.Services.OrderAPI.csproj", "{C1C8E50E-F830-4920-9C10-10E31BF4CD51}"
EndProject
Project("{2150E333-8FDC-42A3-9474-1A3956D46DE8}") = "Payment", "Payment", "{5B476EE5-19D5-4BD5-9643-2FA39D774E9F}"
EndProject
Project("{9A19103F-16F7-4668-BE54-9A1E7A4F7556}") = "PaymentProcessor", "PaymentProcessor\PaymentProcessor.csproj", "{201B1C14-608C-475A-B40A-058178B6E8DB}"
EndProject
Project("{9A19103F-16F7-4668-BE54-9A1E7A4F7556}") = "Pet.Services.PayementAPI", "Pet.Services.PayementAPI\Pet.Services.PayementAPI.csproj", "{3526082A-42AE-4B6B-89BC-5E173A1CBE9A}"
EndProject
Global
	GlobalSection(SolutionConfigurationPlatforms) = preSolution
		Debug|Any CPU = Debug|Any CPU
		Release|Any CPU = Release|Any CPU
	EndGlobalSection
	GlobalSection(ProjectConfigurationPlatforms) = postSolution
		{103974BE-1864-4C77-B289-D4C0FA413EE9}.Debug|Any CPU.ActiveCfg = Debug|Any CPU
		{103974BE-1864-4C77-B289-D4C0FA413EE9}.Debug|Any CPU.Build.0 = Debug|Any CPU
		{103974BE-1864-4C77-B289-D4C0FA413EE9}.Release|Any CPU.ActiveCfg = Release|Any CPU
		{103974BE-1864-4C77-B289-D4C0FA413EE9}.Release|Any CPU.Build.0 = Release|Any CPU
		{2AE2A3A2-D964-4D8E-8B21-0D9645C95710}.Debug|Any CPU.ActiveCfg = Debug|Any CPU
		{2AE2A3A2-D964-4D8E-8B21-0D9645C95710}.Debug|Any CPU.Build.0 = Debug|Any CPU
		{2AE2A3A2-D964-4D8E-8B21-0D9645C95710}.Release|Any CPU.ActiveCfg = Release|Any CPU
		{2AE2A3A2-D964-4D8E-8B21-0D9645C95710}.Release|Any CPU.Build.0 = Release|Any CPU
		{8CB713AB-5648-4B92-A37B-DD50CDB341E5}.Debug|Any CPU.ActiveCfg = Debug|Any CPU
		{8CB713AB-5648-4B92-A37B-DD50CDB341E5}.Debug|Any CPU.Build.0 = Debug|Any CPU
		{8CB713AB-5648-4B92-A37B-DD50CDB341E5}.Release|Any CPU.ActiveCfg = Release|Any CPU
		{8CB713AB-5648-4B92-A37B-DD50CDB341E5}.Release|Any CPU.Build.0 = Release|Any CPU
		{8C71962A-4DB1-45DF-A3CF-79A0F1C65E06}.Debug|Any CPU.ActiveCfg = Debug|Any CPU
		{8C71962A-4DB1-45DF-A3CF-79A0F1C65E06}.Debug|Any CPU.Build.0 = Debug|Any CPU
		{8C71962A-4DB1-45DF-A3CF-79A0F1C65E06}.Release|Any CPU.ActiveCfg = Release|Any CPU
		{8C71962A-4DB1-45DF-A3CF-79A0F1C65E06}.Release|Any CPU.Build.0 = Release|Any CPU
		{DB48E125-A7C4-4A37-BDE3-44AAE31B275C}.Debug|Any CPU.ActiveCfg = Debug|Any CPU
		{DB48E125-A7C4-4A37-BDE3-44AAE31B275C}.Debug|Any CPU.Build.0 = Debug|Any CPU
		{DB48E125-A7C4-4A37-BDE3-44AAE31B275C}.Release|Any CPU.ActiveCfg = Release|Any CPU
		{DB48E125-A7C4-4A37-BDE3-44AAE31B275C}.Release|Any CPU.Build.0 = Release|Any CPU
		{D6739441-9B3D-409F-9197-E51643DE2DEC}.Debug|Any CPU.ActiveCfg = Debug|Any CPU
		{D6739441-9B3D-409F-9197-E51643DE2DEC}.Debug|Any CPU.Build.0 = Debug|Any CPU
		{D6739441-9B3D-409F-9197-E51643DE2DEC}.Release|Any CPU.ActiveCfg = Release|Any CPU
		{D6739441-9B3D-409F-9197-E51643DE2DEC}.Release|Any CPU.Build.0 = Release|Any CPU
		{C1C8E50E-F830-4920-9C10-10E31BF4CD51}.Debug|Any CPU.ActiveCfg = Debug|Any CPU
		{C1C8E50E-F830-4920-9C10-10E31BF4CD51}.Debug|Any CPU.Build.0 = Debug|Any CPU
		{C1C8E50E-F830-4920-9C10-10E31BF4CD51}.Release|Any CPU.ActiveCfg = Release|Any CPU
		{C1C8E50E-F830-4920-9C10-10E31BF4CD51}.Release|Any CPU.Build.0 = Release|Any CPU
		{201B1C14-608C-475A-B40A-058178B6E8DB}.Debug|Any CPU.ActiveCfg = Debug|Any CPU
		{201B1C14-608C-475A-B40A-058178B6E8DB}.Debug|Any CPU.Build.0 = Debug|Any CPU
		{201B1C14-608C-475A-B40A-058178B6E8DB}.Release|Any CPU.ActiveCfg = Release|Any CPU
		{201B1C14-608C-475A-B40A-058178B6E8DB}.Release|Any CPU.Build.0 = Release|Any CPU
		{3526082A-42AE-4B6B-89BC-5E173A1CBE9A}.Debug|Any CPU.ActiveCfg = Debug|Any CPU
		{3526082A-42AE-4B6B-89BC-5E173A1CBE9A}.Debug|Any CPU.Build.0 = Debug|Any CPU
		{3526082A-42AE-4B6B-89BC-5E173A1CBE9A}.Release|Any CPU.ActiveCfg = Release|Any CPU
		{3526082A-42AE-4B6B-89BC-5E173A1CBE9A}.Release|Any CPU.Build.0 = Release|Any CPU
	EndGlobalSection
	GlobalSection(SolutionProperties) = preSolution
		HideSolutionNode = FALSE
	EndGlobalSection
	GlobalSection(NestedProjects) = preSolution
		{103974BE-1864-4C77-B289-D4C0FA413EE9} = {E46C28FD-FECF-40E3-B80F-F65D543C22EC}
		{2AE2A3A2-D964-4D8E-8B21-0D9645C95710} = {E87BB0D1-A9CF-41BA-B10F-2F96806ED1A1}
		{8CB713AB-5648-4B92-A37B-DD50CDB341E5} = {E87BB0D1-A9CF-41BA-B10F-2F96806ED1A1}
		{8C71962A-4DB1-45DF-A3CF-79A0F1C65E06} = {E87BB0D1-A9CF-41BA-B10F-2F96806ED1A1}
		{DB48E125-A7C4-4A37-BDE3-44AAE31B275C} = {E87BB0D1-A9CF-41BA-B10F-2F96806ED1A1}
		{D6739441-9B3D-409F-9197-E51643DE2DEC} = {BFB305E0-A4EC-41AF-B083-340F33613C29}
		{C1C8E50E-F830-4920-9C10-10E31BF4CD51} = {E87BB0D1-A9CF-41BA-B10F-2F96806ED1A1}
		{201B1C14-608C-475A-B40A-058178B6E8DB} = {5B476EE5-19D5-4BD5-9643-2FA39D774E9F}
		{3526082A-42AE-4B6B-89BC-5E173A1CBE9A} = {E87BB0D1-A9CF-41BA-B10F-2F96806ED1A1}
	EndGlobalSection
	GlobalSection(ExtensibilityGlobals) = postSolution
		SolutionGuid = {ED5F836C-6D9E-4925-A345-40EE5614AAA2}
	EndGlobalSection
EndGlobal
